// !$*UTF8*$!
{
	archiveVersion = 1;
	classes = {
	};
	objectVersion = 46;
	objects = {

/* Begin PBXBuildFile section */
		9677FC411A8CFB04005565EA /* AppDelegate.swift in Sources */ = {isa = PBXBuildFile; fileRef = 9677FC401A8CFB04005565EA /* AppDelegate.swift */; };
		9677FC451A8CFB04005565EA /* GameScene.swift in Sources */ = {isa = PBXBuildFile; fileRef = 9677FC441A8CFB04005565EA /* GameScene.swift */; };
		9677FC471A8CFB04005565EA /* GameViewController.swift in Sources */ = {isa = PBXBuildFile; fileRef = 9677FC461A8CFB04005565EA /* GameViewController.swift */; };
		9677FC4A1A8CFB04005565EA /* Main.storyboard in Resources */ = {isa = PBXBuildFile; fileRef = 9677FC481A8CFB04005565EA /* Main.storyboard */; };
		9677FC4C1A8CFB04005565EA /* Images.xcassets in Resources */ = {isa = PBXBuildFile; fileRef = 9677FC4B1A8CFB04005565EA /* Images.xcassets */; };
		9677FC4F1A8CFB04005565EA /* LaunchScreen.xib in Resources */ = {isa = PBXBuildFile; fileRef = 9677FC4D1A8CFB04005565EA /* LaunchScreen.xib */; };
		9677FC5B1A8CFB04005565EA /* TetrisGameTests.swift in Sources */ = {isa = PBXBuildFile; fileRef = 9677FC5A1A8CFB04005565EA /* TetrisGameTests.swift */; };
		9677FC6A1A8CFD0B005565EA /* bomb.mp3 in Resources */ = {isa = PBXBuildFile; fileRef = 9677FC651A8CFD0B005565EA /* bomb.mp3 */; };
		9677FC6B1A8CFD0B005565EA /* drop.mp3 in Resources */ = {isa = PBXBuildFile; fileRef = 9677FC661A8CFD0B005565EA /* drop.mp3 */; };
		9677FC6C1A8CFD0B005565EA /* gameover.mp3 in Resources */ = {isa = PBXBuildFile; fileRef = 9677FC671A8CFD0B005565EA /* gameover.mp3 */; };
		9677FC6D1A8CFD0B005565EA /* levelup.mp3 in Resources */ = {isa = PBXBuildFile; fileRef = 9677FC681A8CFD0B005565EA /* levelup.mp3 */; };
		9677FC6E1A8CFD0B005565EA /* theme.mp3 in Resources */ = {isa = PBXBuildFile; fileRef = 9677FC691A8CFD0B005565EA /* theme.mp3 */; };
		9677FC701A8CFD21005565EA /* Sprites.atlas in Resources */ = {isa = PBXBuildFile; fileRef = 9677FC6F1A8CFD21005565EA /* Sprites.atlas */; };
		9677FC771A8CFD3F005565EA /* background.png in Resources */ = {isa = PBXBuildFile; fileRef = 9677FC711A8CFD3F005565EA /* background.png */; };
		9677FC781A8CFD3F005565EA /* background@2x.png in Resources */ = {isa = PBXBuildFile; fileRef = 9677FC721A8CFD3F005565EA /* background@2x.png */; };
		9677FC791A8CFD3F005565EA /* gameboard.png in Resources */ = {isa = PBXBuildFile; fileRef = 9677FC731A8CFD3F005565EA /* gameboard.png */; };
		9677FC7A1A8CFD3F005565EA /* gameboard@2x.png in Resources */ = {isa = PBXBuildFile; fileRef = 9677FC741A8CFD3F005565EA /* gameboard@2x.png */; };
		9677FC7B1A8CFD3F005565EA /* whitebg.png in Resources */ = {isa = PBXBuildFile; fileRef = 9677FC751A8CFD3F005565EA /* whitebg.png */; };
		9677FC7C1A8CFD3F005565EA /* whitebg@2x.png in Resources */ = {isa = PBXBuildFile; fileRef = 9677FC761A8CFD3F005565EA /* whitebg@2x.png */; };
		9677FC7E1A8D0026005565EA /* Array2D.swift in Sources */ = {isa = PBXBuildFile; fileRef = 9677FC7D1A8D0026005565EA /* Array2D.swift */; };
		9677FC801A8D05A2005565EA /* Block.swift in Sources */ = {isa = PBXBuildFile; fileRef = 9677FC7F1A8D05A2005565EA /* Block.swift */; };
		9677FC821A8D09C4005565EA /* Shape.swift in Sources */ = {isa = PBXBuildFile; fileRef = 9677FC811A8D09C4005565EA /* Shape.swift */; };
/* End PBXBuildFile section */

/* Begin PBXContainerItemProxy section */
		9677FC551A8CFB04005565EA /* PBXContainerItemProxy */ = {
			isa = PBXContainerItemProxy;
			containerPortal = 9677FC331A8CFB04005565EA /* Project object */;
			proxyType = 1;
			remoteGlobalIDString = 9677FC3A1A8CFB04005565EA;
			remoteInfo = TetrisGame;
		};
/* End PBXContainerItemProxy section */

/* Begin PBXFileReference section */
		9677FC3B1A8CFB04005565EA /* TetrisGame.app */ = {isa = PBXFileReference; explicitFileType = wrapper.application; includeInIndex = 0; path = TetrisGame.app; sourceTree = BUILT_PRODUCTS_DIR; };
		9677FC3F1A8CFB04005565EA /* Info.plist */ = {isa = PBXFileReference; lastKnownFileType = text.plist.xml; path = Info.plist; sourceTree = "<group>"; };
		9677FC401A8CFB04005565EA /* AppDelegate.swift */ = {isa = PBXFileReference; lastKnownFileType = sourcecode.swift; path = AppDelegate.swift; sourceTree = "<group>"; };
		9677FC441A8CFB04005565EA /* GameScene.swift */ = {isa = PBXFileReference; lastKnownFileType = sourcecode.swift; path = GameScene.swift; sourceTree = "<group>"; };
		9677FC461A8CFB04005565EA /* GameViewController.swift */ = {isa = PBXFileReference; lastKnownFileType = sourcecode.swift; path = GameViewController.swift; sourceTree = "<group>"; };
		9677FC491A8CFB04005565EA /* Base */ = {isa = PBXFileReference; lastKnownFileType = file.storyboard; name = Base; path = Base.lproj/Main.storyboard; sourceTree = "<group>"; };
		9677FC4B1A8CFB04005565EA /* Images.xcassets */ = {isa = PBXFileReference; lastKnownFileType = folder.assetcatalog; path = Images.xcassets; sourceTree = "<group>"; };
		9677FC4E1A8CFB04005565EA /* Base */ = {isa = PBXFileReference; lastKnownFileType = file.xib; name = Base; path = Base.lproj/LaunchScreen.xib; sourceTree = "<group>"; };
		9677FC541A8CFB04005565EA /* TetrisGameTests.xctest */ = {isa = PBXFileReference; explicitFileType = wrapper.cfbundle; includeInIndex = 0; path = TetrisGameTests.xctest; sourceTree = BUILT_PRODUCTS_DIR; };
		9677FC591A8CFB04005565EA /* Info.plist */ = {isa = PBXFileReference; lastKnownFileType = text.plist.xml; path = Info.plist; sourceTree = "<group>"; };
		9677FC5A1A8CFB04005565EA /* TetrisGameTests.swift */ = {isa = PBXFileReference; lastKnownFileType = sourcecode.swift; path = TetrisGameTests.swift; sourceTree = "<group>"; };
		9677FC651A8CFD0B005565EA /* bomb.mp3 */ = {isa = PBXFileReference; lastKnownFileType = audio.mp3; path = bomb.mp3; sourceTree = "<group>"; };
		9677FC661A8CFD0B005565EA /* drop.mp3 */ = {isa = PBXFileReference; lastKnownFileType = audio.mp3; path = drop.mp3; sourceTree = "<group>"; };
		9677FC671A8CFD0B005565EA /* gameover.mp3 */ = {isa = PBXFileReference; lastKnownFileType = audio.mp3; path = gameover.mp3; sourceTree = "<group>"; };
		9677FC681A8CFD0B005565EA /* levelup.mp3 */ = {isa = PBXFileReference; lastKnownFileType = audio.mp3; path = levelup.mp3; sourceTree = "<group>"; };
		9677FC691A8CFD0B005565EA /* theme.mp3 */ = {isa = PBXFileReference; lastKnownFileType = audio.mp3; path = theme.mp3; sourceTree = "<group>"; };
		9677FC6F1A8CFD21005565EA /* Sprites.atlas */ = {isa = PBXFileReference; lastKnownFileType = folder.skatlas; path = Sprites.atlas; sourceTree = "<group>"; };
		9677FC711A8CFD3F005565EA /* background.png */ = {isa = PBXFileReference; lastKnownFileType = image.png; path = background.png; sourceTree = "<group>"; };
		9677FC721A8CFD3F005565EA /* background@2x.png */ = {isa = PBXFileReference; lastKnownFileType = image.png; path = "background@2x.png"; sourceTree = "<group>"; };
		9677FC731A8CFD3F005565EA /* gameboard.png */ = {isa = PBXFileReference; lastKnownFileType = image.png; path = gameboard.png; sourceTree = "<group>"; };
		9677FC741A8CFD3F005565EA /* gameboard@2x.png */ = {isa = PBXFileReference; lastKnownFileType = image.png; path = "gameboard@2x.png"; sourceTree = "<group>"; };
		9677FC751A8CFD3F005565EA /* whitebg.png */ = {isa = PBXFileReference; lastKnownFileType = image.png; path = whitebg.png; sourceTree = "<group>"; };
		9677FC761A8CFD3F005565EA /* whitebg@2x.png */ = {isa = PBXFileReference; lastKnownFileType = image.png; path = "whitebg@2x.png"; sourceTree = "<group>"; };
		9677FC7D1A8D0026005565EA /* Array2D.swift */ = {isa = PBXFileReference; fileEncoding = 4; lastKnownFileType = sourcecode.swift; path = Array2D.swift; sourceTree = "<group>"; };
		9677FC7F1A8D05A2005565EA /* Block.swift */ = {isa = PBXFileReference; fileEncoding = 4; lastKnownFileType = sourcecode.swift; path = Block.swift; sourceTree = "<group>"; };
		9677FC811A8D09C4005565EA /* Shape.swift */ = {isa = PBXFileReference; fileEncoding = 4; lastKnownFileType = sourcecode.swift; path = Shape.swift; sourceTree = "<group>"; };
/* End PBXFileReference section */

/* Begin PBXFrameworksBuildPhase section */
		9677FC381A8CFB04005565EA /* Frameworks */ = {
			isa = PBXFrameworksBuildPhase;
			buildActionMask = 2147483647;
			files = (
			);
			runOnlyForDeploymentPostprocessing = 0;
		};
		9677FC511A8CFB04005565EA /* Frameworks */ = {
			isa = PBXFrameworksBuildPhase;
			buildActionMask = 2147483647;
			files = (
			);
			runOnlyForDeploymentPostprocessing = 0;
		};
/* End PBXFrameworksBuildPhase section */

/* Begin PBXGroup section */
		9677FC321A8CFB04005565EA = {
			isa = PBXGroup;
			children = (
				9677FC3D1A8CFB04005565EA /* TetrisGame */,
				9677FC571A8CFB04005565EA /* TetrisGameTests */,
				9677FC3C1A8CFB04005565EA /* Products */,
			);
			sourceTree = "<group>";
		};
		9677FC3C1A8CFB04005565EA /* Products */ = {
			isa = PBXGroup;
			children = (
				9677FC3B1A8CFB04005565EA /* TetrisGame.app */,
				9677FC541A8CFB04005565EA /* TetrisGameTests.xctest */,
			);
			name = Products;
			sourceTree = "<group>";
		};
		9677FC3D1A8CFB04005565EA /* TetrisGame */ = {
			isa = PBXGroup;
			children = (
				9677FC401A8CFB04005565EA /* AppDelegate.swift */,
				9677FC441A8CFB04005565EA /* GameScene.swift */,
				9677FC461A8CFB04005565EA /* GameViewController.swift */,
				9677FC481A8CFB04005565EA /* Main.storyboard */,
				9677FC4B1A8CFB04005565EA /* Images.xcassets */,
				9677FC4D1A8CFB04005565EA /* LaunchScreen.xib */,
				9677FC6F1A8CFD21005565EA /* Sprites.atlas */,
				9677FC641A8CFD0B005565EA /* Sounds */,
				9677FC3E1A8CFB04005565EA /* Supporting Files */,
				9677FC7D1A8D0026005565EA /* Array2D.swift */,
				9677FC7F1A8D05A2005565EA /* Block.swift */,
				9677FC811A8D09C4005565EA /* Shape.swift */,
			);
			path = TetrisGame;
			sourceTree = "<group>";
		};
		9677FC3E1A8CFB04005565EA /* Supporting Files */ = {
			isa = PBXGroup;
			children = (
				9677FC711A8CFD3F005565EA /* background.png */,
				9677FC721A8CFD3F005565EA /* background@2x.png */,
				9677FC731A8CFD3F005565EA /* gameboard.png */,
				9677FC741A8CFD3F005565EA /* gameboard@2x.png */,
				9677FC751A8CFD3F005565EA /* whitebg.png */,
				9677FC761A8CFD3F005565EA /* whitebg@2x.png */,
				9677FC3F1A8CFB04005565EA /* Info.plist */,
			);
			name = "Supporting Files";
			sourceTree = "<group>";
		};
		9677FC571A8CFB04005565EA /* TetrisGameTests */ = {
			isa = PBXGroup;
			children = (
				9677FC5A1A8CFB04005565EA /* TetrisGameTests.swift */,
				9677FC581A8CFB04005565EA /* Supporting Files */,
			);
			path = TetrisGameTests;
			sourceTree = "<group>";
		};
		9677FC581A8CFB04005565EA /* Supporting Files */ = {
			isa = PBXGroup;
			children = (
				9677FC591A8CFB04005565EA /* Info.plist */,
			);
			name = "Supporting Files";
			sourceTree = "<group>";
		};
		9677FC641A8CFD0B005565EA /* Sounds */ = {
			isa = PBXGroup;
			children = (
				9677FC651A8CFD0B005565EA /* bomb.mp3 */,
				9677FC661A8CFD0B005565EA /* drop.mp3 */,
				9677FC671A8CFD0B005565EA /* gameover.mp3 */,
				9677FC681A8CFD0B005565EA /* levelup.mp3 */,
				9677FC691A8CFD0B005565EA /* theme.mp3 */,
			);
			path = Sounds;
			sourceTree = "<group>";
		};
/* End PBXGroup section */

/* Begin PBXNativeTarget section */
		9677FC3A1A8CFB04005565EA /* TetrisGame */ = {
			isa = PBXNativeTarget;
			buildConfigurationList = 9677FC5E1A8CFB04005565EA /* Build configuration list for PBXNativeTarget "TetrisGame" */;
			buildPhases = (
				9677FC371A8CFB04005565EA /* Sources */,
				9677FC381A8CFB04005565EA /* Frameworks */,
				9677FC391A8CFB04005565EA /* Resources */,
			);
			buildRules = (
			);
			dependencies = (
			);
			name = TetrisGame;
			productName = TetrisGame;
			productReference = 9677FC3B1A8CFB04005565EA /* TetrisGame.app */;
			productType = "com.apple.product-type.application";
		};
		9677FC531A8CFB04005565EA /* TetrisGameTests */ = {
			isa = PBXNativeTarget;
			buildConfigurationList = 9677FC611A8CFB04005565EA /* Build configuration list for PBXNativeTarget "TetrisGameTests" */;
			buildPhases = (
				9677FC501A8CFB04005565EA /* Sources */,
				9677FC511A8CFB04005565EA /* Frameworks */,
				9677FC521A8CFB04005565EA /* Resources */,
			);
			buildRules = (
			);
			dependencies = (
				9677FC561A8CFB04005565EA /* PBXTargetDependency */,
			);
			name = TetrisGameTests;
			productName = TetrisGameTests;
			productReference = 9677FC541A8CFB04005565EA /* TetrisGameTests.xctest */;
			productType = "com.apple.product-type.bundle.unit-test";
		};
/* End PBXNativeTarget section */

/* Begin PBXProject section */
		9677FC331A8CFB04005565EA /* Project object */ = {
			isa = PBXProject;
			attributes = {
				LastUpgradeCheck = 0610;
				ORGANIZATIONNAME = Work;
				TargetAttributes = {
					9677FC3A1A8CFB04005565EA = {
						CreatedOnToolsVersion = 6.1.1;
					};
					9677FC531A8CFB04005565EA = {
						CreatedOnToolsVersion = 6.1.1;
						TestTargetID = 9677FC3A1A8CFB04005565EA;
					};
				};
			};
			buildConfigurationList = 9677FC361A8CFB04005565EA /* Build configuration list for PBXProject "TetrisGame" */;
			compatibilityVersion = "Xcode 3.2";
			developmentRegion = English;
			hasScannedForEncodings = 0;
			knownRegions = (
				en,
				Base,
			);
			mainGroup = 9677FC321A8CFB04005565EA;
			productRefGroup = 9677FC3C1A8CFB04005565EA /* Products */;
			projectDirPath = "";
			projectRoot = "";
			targets = (
				9677FC3A1A8CFB04005565EA /* TetrisGame */,
				9677FC531A8CFB04005565EA /* TetrisGameTests */,
			);
		};
/* End PBXProject section */

/* Begin PBXResourcesBuildPhase section */
		9677FC391A8CFB04005565EA /* Resources */ = {
			isa = PBXResourcesBuildPhase;
			buildActionMask = 2147483647;
			files = (
				9677FC4F1A8CFB04005565EA /* LaunchScreen.xib in Resources */,
				9677FC781A8CFD3F005565EA /* background@2x.png in Resources */,
				9677FC7B1A8CFD3F005565EA /* whitebg.png in Resources */,
				9677FC7A1A8CFD3F005565EA /* gameboard@2x.png in Resources */,
				9677FC791A8CFD3F005565EA /* gameboard.png in Resources */,
				9677FC771A8CFD3F005565EA /* background.png in Resources */,
				9677FC6B1A8CFD0B005565EA /* drop.mp3 in Resources */,
				9677FC7C1A8CFD3F005565EA /* whitebg@2x.png in Resources */,
				9677FC6E1A8CFD0B005565EA /* theme.mp3 in Resources */,
				9677FC6C1A8CFD0B005565EA /* gameover.mp3 in Resources */,
				9677FC4C1A8CFB04005565EA /* Images.xcassets in Resources */,
				9677FC6D1A8CFD0B005565EA /* levelup.mp3 in Resources */,
				9677FC701A8CFD21005565EA /* Sprites.atlas in Resources */,
				9677FC6A1A8CFD0B005565EA /* bomb.mp3 in Resources */,
				9677FC4A1A8CFB04005565EA /* Main.storyboard in Resources */,
			);
			runOnlyForDeploymentPostprocessing = 0;
		};
		9677FC521A8CFB04005565EA /* Resources */ = {
			isa = PBXResourcesBuildPhase;
			buildActionMask = 2147483647;
			files = (
			);
			runOnlyForDeploymentPostprocessing = 0;
		};
/* End PBXResourcesBuildPhase section */

/* Begin PBXSourcesBuildPhase section */
		9677FC371A8CFB04005565EA /* Sources */ = {
			isa = PBXSourcesBuildPhase;
			buildActionMask = 2147483647;
			files = (
				9677FC451A8CFB04005565EA /* GameScene.swift in Sources */,
				9677FC821A8D09C4005565EA /* Shape.swift in Sources */,
				9677FC7E1A8D0026005565EA /* Array2D.swift in Sources */,
				9677FC801A8D05A2005565EA /* Block.swift in Sources */,
				9677FC471A8CFB04005565EA /* GameViewController.swift in Sources */,
				9677FC411A8CFB04005565EA /* AppDelegate.swift in Sources */,
			);
			runOnlyForDeploymentPostprocessing = 0;
		};
		9677FC501A8CFB04005565EA /* Sources */ = {
			isa = PBXSourcesBuildPhase;
			buildActionMask = 2147483647;
			files = (
				9677FC5B1A8CFB04005565EA /* TetrisGameTests.swift in Sources */,
			);
			runOnlyForDeploymentPostprocessing = 0;
		};
/* End PBXSourcesBuildPhase section */

/* Begin PBXTargetDependency section */
		9677FC561A8CFB04005565EA /* PBXTargetDependency */ = {
			isa = PBXTargetDependency;
			target = 9677FC3A1A8CFB04005565EA /* TetrisGame */;
			targetProxy = 9677FC551A8CFB04005565EA /* PBXContainerItemProxy */;
		};
/* End PBXTargetDependency section */

/* Begin PBXVariantGroup section */
		9677FC481A8CFB04005565EA /* Main.storyboard */ = {
			isa = PBXVariantGroup;
			children = (
				9677FC491A8CFB04005565EA /* Base */,
			);
			name = Main.storyboard;
			sourceTree = "<group>";
		};
		9677FC4D1A8CFB04005565EA /* LaunchScreen.xib */ = {
			isa = PBXVariantGroup;
			children = (
				9677FC4E1A8CFB04005565EA /* Base */,
			);
			name = LaunchScreen.xib;
			sourceTree = "<group>";
		};
/* End PBXVariantGroup section */

/* Begin XCBuildConfiguration section */
		9677FC5C1A8CFB04005565EA /* Debug */ = {
			isa = XCBuildConfiguration;
			buildSettings = {
				ALWAYS_SEARCH_USER_PATHS = NO;
				CLANG_CXX_LANGUAGE_STANDARD = "gnu++0x";
				CLANG_CXX_LIBRARY = "libc++";
				CLANG_ENABLE_MODULES = YES;
				CLANG_ENABLE_OBJC_ARC = YES;
				CLANG_WARN_BOOL_CONVERSION = YES;
				CLANG_WARN_CONSTANT_CONVERSION = YES;
				CLANG_WARN_DIRECT_OBJC_ISA_USAGE = YES_ERROR;
				CLANG_WARN_EMPTY_BODY = YES;
				CLANG_WARN_ENUM_CONVERSION = YES;
				CLANG_WARN_INT_CONVERSION = YES;
				CLANG_WARN_OBJC_ROOT_CLASS = YES_ERROR;
				CLANG_WARN_UNREACHABLE_CODE = YES;
				CLANG_WARN__DUPLICATE_METHOD_MATCH = YES;
				"CODE_SIGN_IDENTITY[sdk=iphoneos*]" = "iPhone Developer";
				COPY_PHASE_STRIP = NO;
				ENABLE_STRICT_OBJC_MSGSEND = YES;
				GCC_C_LANGUAGE_STANDARD = gnu99;
				GCC_DYNAMIC_NO_PIC = NO;
				GCC_OPTIMIZATION_LEVEL = 0;
				GCC_PREPROCESSOR_DEFINITIONS = (
					"DEBUG=1",
					"$(inherited)",
				);
				GCC_SYMBOLS_PRIVATE_EXTERN = NO;
				GCC_WARN_64_TO_32_BIT_CONVERSION = YES;
				GCC_WARN_ABOUT_RETURN_TYPE = YES_ERROR;
				GCC_WARN_UNDECLARED_SELECTOR = YES;
				GCC_WARN_UNINITIALIZED_AUTOS = YES_AGGRESSIVE;
				GCC_WARN_UNUSED_FUNCTION = YES;
				GCC_WARN_UNUSED_VARIABLE = YES;
				IPHONEOS_DEPLOYMENT_TARGET = 8.1;
				MTL_ENABLE_DEBUG_INFO = YES;
				ONLY_ACTIVE_ARCH = YES;
				SDKROOT = iphoneos;
				SWIFT_OPTIMIZATION_LEVEL = "-Onone";
			};
			name = Debug;
		};
		9677FC5D1A8CFB04005565EA /* Release */ = {
			isa = XCBuildConfiguration;
			buildSettings = {
				ALWAYS_SEARCH_USER_PATHS = NO;
				CLANG_CXX_LANGUAGE_STANDARD = "gnu++0x";
				CLANG_CXX_LIBRARY = "libc++";
				CLANG_ENABLE_MODULES = YES;
				CLANG_ENABLE_OBJC_ARC = YES;
				CLANG_WARN_BOOL_CONVERSION = YES;
				CLANG_WARN_CONSTANT_CONVERSION = YES;
				CLANG_WARN_DIRECT_OBJC_ISA_USAGE = YES_ERROR;
				CLANG_WARN_EMPTY_BODY = YES;
				CLANG_WARN_ENUM_CONVERSION = YES;
				CLANG_WARN_INT_CONVERSION = YES;
				CLANG_WARN_OBJC_ROOT_CLASS = YES_ERROR;
				CLANG_WARN_UNREACHABLE_CODE = YES;
				CLANG_WARN__DUPLICATE_METHOD_MATCH = YES;
				"CODE_SIGN_IDENTITY[sdk=iphoneos*]" = "iPhone Developer";
				COPY_PHASE_STRIP = YES;
				ENABLE_NS_ASSERTIONS = NO;
				ENABLE_STRICT_OBJC_MSGSEND = YES;
				GCC_C_LANGUAGE_STANDARD = gnu99;
				GCC_WARN_64_TO_32_BIT_CONVERSION = YES;
				GCC_WARN_ABOUT_RETURN_TYPE = YES_ERROR;
				GCC_WARN_UNDECLARED_SELECTOR = YES;
				GCC_WARN_UNINITIALIZED_AUTOS = YES_AGGRESSIVE;
				GCC_WARN_UNUSED_FUNCTION = YES;
				GCC_WARN_UNUSED_VARIABLE = YES;
				IPHONEOS_DEPLOYMENT_TARGET = 8.1;
				MTL_ENABLE_DEBUG_INFO = NO;
				SDKROOT = iphoneos;
				VALIDATE_PRODUCT = YES;
			};
			name = Release;
		};
		9677FC5F1A8CFB04005565EA /* Debug */ = {
			isa = XCBuildConfiguration;
			buildSettings = {
				ASSETCATALOG_COMPILER_APPICON_NAME = AppIcon;
				INFOPLIST_FILE = TetrisGame/Info.plist;
				LD_RUNPATH_SEARCH_PATHS = "$(inherited) @executable_path/Frameworks";
				PRODUCT_NAME = "$(TARGET_NAME)";
			};
			name = Debug;
		};
		9677FC601A8CFB04005565EA /* Release */ = {
			isa = XCBuildConfiguration;
			buildSettings = {
				ASSETCATALOG_COMPILER_APPICON_NAME = AppIcon;
				INFOPLIST_FILE = TetrisGame/Info.plist;
				LD_RUNPATH_SEARCH_PATHS = "$(inherited) @executable_path/Frameworks";
				PRODUCT_NAME = "$(TARGET_NAME)";
			};
			name = Release;
		};
		9677FC621A8CFB04005565EA /* Debug */ = {
			isa = XCBuildConfiguration;
			buildSettings = {
				BUNDLE_LOADER = "$(TEST_HOST)";
				FRAMEWORK_SEARCH_PATHS = (
					"$(SDKROOT)/Developer/Library/Frameworks",
					"$(inherited)",
				);
				GCC_PREPROCESSOR_DEFINITIONS = (
					"DEBUG=1",
					"$(inherited)",
				);
				INFOPLIST_FILE = TetrisGameTests/Info.plist;
				LD_RUNPATH_SEARCH_PATHS = "$(inherited) @executable_path/Frameworks @loader_path/Frameworks";
				PRODUCT_NAME = "$(TARGET_NAME)";
				TEST_HOST = "$(BUILT_PRODUCTS_DIR)/TetrisGame.app/TetrisGame";
			};
			name = Debug;
		};
		9677FC631A8CFB04005565EA /* Release */ = {
			isa = XCBuildConfiguration;
			buildSettings = {
				BUNDLE_LOADER = "$(TEST_HOST)";
				FRAMEWORK_SEARCH_PATHS = (
					"$(SDKROOT)/Developer/Library/Frameworks",
					"$(inherited)",
				);
				INFOPLIST_FILE = TetrisGameTests/Info.plist;
				LD_RUNPATH_SEARCH_PATHS = "$(inherited) @executable_path/Frameworks @loader_path/Frameworks";
				PRODUCT_NAME = "$(TARGET_NAME)";
				TEST_HOST = "$(BUILT_PRODUCTS_DIR)/TetrisGame.app/TetrisGame";
			};
			name = Release;
		};
/* End XCBuildConfiguration section */

/* Begin XCConfigurationList section */
		9677FC361A8CFB04005565EA /* Build configuration list for PBXProject "TetrisGame" */ = {
			isa = XCConfigurationList;
			buildConfigurations = (
				9677FC5C1A8CFB04005565EA /* Debug */,
				9677FC5D1A8CFB04005565EA /* Release */,
			);
			defaultConfigurationIsVisible = 0;
			defaultConfigurationName = Release;
		};
		9677FC5E1A8CFB04005565EA /* Build configuration list for PBXNativeTarget "TetrisGame" */ = {
			isa = XCConfigurationList;
			buildConfigurations = (
				9677FC5F1A8CFB04005565EA /* Debug */,
				9677FC601A8CFB04005565EA /* Release */,
			);
			defaultConfigurationIsVisible = 0;
		};
		9677FC611A8CFB04005565EA /* Build configuration list for PBXNativeTarget "TetrisGameTests" */ = {
			isa = XCConfigurationList;
			buildConfigurations = (
				9677FC621A8CFB04005565EA /* Debug */,
				9677FC631A8CFB04005565EA /* Release */,
			);
			defaultConfigurationIsVisible = 0;
		};
/* End XCConfigurationList section */
	};
	rootObject = 9677FC331A8CFB04005565EA /* Project object */;
}
